<Solution>
  <Configurations>
    <BuildType Name="Debug" />
    <BuildType Name="DEBUG_API_URL" />
    <BuildType Name="Development" />
    <BuildType Name="Release" />
    <Platform Name="Any CPU" />
    <Platform Name="x86" />
  </Configurations>
  
  <Folder Name="/SGMain/">
    <Project Path="SGMain/SourceGenesys.Domain/SourceGenesys.Domain.csproj">
      <Platform Solution="*|x86" Project="x86" />
    </Project>
  </Folder>
  <Folder Name="/SHARED/">
    <Project Path="../../SG/SHARED/MenphisSI.GerEntityTools/MenphisSI.GerEntityTools.csproj">
      <Platform Solution="*|x86" Project="x86" />
    </Project>
    <Project Path="../../SG/SHARED/MenphisSI.Shared.BaseCommon/JsM.AI/JsM.OpenAI.csproj" Id="a6efbb8f-1aa7-4b9d-886a-8786367e7c5d">
      <BuildType Solution="DEBUG_API_URL|*" Project="PIXBOL" />
      <BuildType Solution="Development|*" Project="PIXBOL" />
      <Platform Solution="*|x86" Project="x86" />
    </Project>
    <Project Path="../../SG/SHARED/MenphisSI.Shared.BaseCommon/MenphisSI.Crypto/MenphisSI.Crypto.csproj">
      <BuildType Solution="DEBUG_API_URL|*" Project="LocalHost" />
      <BuildType Solution="Development|*" Project="APIADMIN" />
      <Platform Solution="*|x86" Project="x86" />
    </Project>
    <Project Path="../../SG/SHARED/MenphisSI.Shared.BaseCommon/MenphisSI.KeyStone/MenphisSI.KeyStone.csproj">
      <BuildType Solution="DEBUG_API_URL|*" Project="Debug" />
      <BuildType Solution="Development|*" Project="Release" />
    </Project>
    <Project Path="../../SG/SHARED/MenphisSI.Shared.BaseCommon/MenphisSI.Shared.AI/MenphisSI.Shared.AI.csproj">
      <BuildType Solution="DEBUG_API_URL|*" Project="Debug" />
      <BuildType Solution="Development|*" Project="Release" />
      <Platform Solution="*|x86" Project="x86" />
    </Project>
    <Project Path="../../SG/SHARED/MenphisSI.Shared.BaseCommon/MenphisSI.Shared.BaseCommon/MenphisSI.Shared.BaseCommon.csproj">
      <Platform Solution="*|x86" Project="x86" />
    </Project>
    <Project Path="../../SG/SHARED/MenphisSI.Shared.BaseCommon/MenphisSI.Shared.Infrastructure/MenphisSI.Shared.Infrastructure.csproj">
      <Platform Solution="*|x86" Project="x86" />
    </Project>
    <Project Path="../../SG/SHARED/MenphisSI.Shared.BaseCommon/MenphisSI.Shared.SGMain/MenphisSI.Shared.SGMain.csproj">
      <Platform Solution="*|x86" Project="x86" />
    </Project>
    <Project Path="../../SG/SHARED/MenphisSI.Shared.BaseCommon/MenphisSI.Shared.SourceGenesys.Shared/MenphisSI.Shared.SourceGenesys.Shared.csproj">
      <BuildType Solution="DEBUG_API_URL|*" Project="Debug" />
      <BuildType Solution="Development|*" Project="Release" />
      <Platform Solution="*|x86" Project="x86" />
    </Project>
  </Folder>
  <Folder Name="/Tests/">
    <Project Path="../../SG/GerEntity/src/Tests/MenphisSI.Crypto.Tests/MenphisSI.Crypto.Tests.csproj">
      <BuildType Solution="DEBUG_API_URL|*" Project="Debug" />
      <BuildType Solution="Development|*" Project="Release" />
      <Platform Solution="Debug|x86" Project="x86" />
    </Project>
    <Project Path="../../SG/GerEntity/src/Tests/MenphisSI.GerEntityTools.Tests/MenphisSI.GerEntityTools.Tests.csproj">
      <BuildType Solution="DEBUG_API_URL|*" Project="Debug" />
      <BuildType Solution="Development|*" Project="Release" />
      <Platform Solution="*|x86" Project="x86" />
    </Project>
    <Project Path="Tests/API.Tests/API.Tests.csproj">
      <BuildType Solution="DEBUG_API_URL|*" Project="Debug" />
      <BuildType Solution="Development|*" Project="Release" />
      <Platform Solution="Debug|x86" Project="x86" />
    </Project>
    <Project Path="Tests/Domain.Tests/Domain.Tests.csproj">
      <BuildType Solution="DEBUG_API_URL|*" Project="Debug" />
      <BuildType Solution="Development|*" Project="Release" />
      <Platform Solution="Debug|x86" Project="x86" />
    </Project>
    <Project Path="Tests/Infrastructure.Tests/Infrastructure.Tests.csproj">
      <BuildType Solution="DEBUG_API_URL|*" Project="Debug" />
      <BuildType Solution="Development|*" Project="Release" />
      <Platform Solution="*|x86" Project="x86" />
    </Project>
    <Project Path="Tests/SourceGenesys.Domain.Tests/SourceGenesys.Domain.Tests.csproj">
      <BuildType Solution="DEBUG_API_URL|*" Project="Debug" />
      <BuildType Solution="Development|*" Project="Release" />
      <Platform Solution="*|x86" Project="x86" />
    </Project>
  </Folder>
  <Project Path="API/API.csproj">
    <Platform Solution="*|x86" Project="x86" />
  </Project>
  <Project Path="DOMAIN/Domain.csproj">
    <Platform Solution="*|x86" Project="x86" />
  </Project>
</Solution>
