
Microsoft Visual Studio Solution File, Format Version 12.00
# Visual Studio Version 17
VisualStudioVersion = 17.13.35913.81
MinimumVisualStudioVersion = 10.0.40219.1
Project("{FAE04EC0-301F-11D3-BF4B-00C04F79EFBC}") = "API", "API\API.csproj", "{ED562DFE-B9EF-5F88-771F-EBF333E4D08F}"
EndProject
Project("{FAE04EC0-301F-11D3-BF4B-00C04F79EFBC}") = "Domain", "DOMAIN\Domain.csproj", "{B5C8CBAE-DE02-7B4C-706D-5B7BB03EEA4F}"
EndProject
Project("{FAE04EC0-301F-11D3-BF4B-00C04F79EFBC}") = "MenphisSI.GerEntityTools", "..\..\GerEntity\src\MenphisSI.GerEntityTools\MenphisSI.GerEntityTools.csproj", "{CDEDD416-7E0D-CC8C-94FC-DDF40FE85AD5}"
EndProject
Project("{FAE04EC0-301F-11D3-BF4B-00C04F79EFBC}") = "MenphisSI.Crypto", "..\..\GerEntity\src\MenphisSI.Crypto\MenphisSI.Crypto.csproj", "{B4441BDE-5E84-5128-4F98-710DC31C0F2A}"
EndProject
Project("{2150E333-8FDC-42A3-9474-1A3956D46DE8}") = "Tests", "Tests", "{02EA681E-C7D8-13C7-8484-4AC65E1B71E8}"
EndProject
Project("{FAE04EC0-301F-11D3-BF4B-00C04F79EFBC}") = "API.Tests", "Tests\API.Tests\API.Tests.csproj", "{9023C2BC-7477-E627-79FC-76EE7396F02B}"
EndProject
Project("{FAE04EC0-301F-11D3-BF4B-00C04F79EFBC}") = "Domain.Tests", "Tests\Domain.Tests\Domain.Tests.csproj", "{D19EC1F5-C078-7E5B-36AE-DFCE41FA074A}"
EndProject
Project("{2150E333-8FDC-42A3-9474-1A3956D46DE8}") = "SGMain", "SGMain", "{2B9B462E-B2B8-4278-999B-0F8638E3D595}"
EndProject
Project("{FAE04EC0-301F-11D3-BF4B-00C04F79EFBC}") = "MenphisSI.Crypto.Tests", "..\..\GerEntity\src\Tests\MenphisSI.Crypto.Tests\MenphisSI.Crypto.Tests.csproj", "{13E57360-2304-691A-4437-13B4D8DC4E19}"
EndProject
Project("{2150E333-8FDC-42A3-9474-1A3956D46DE8}") = "MenphisSI", "MenphisSI", "{13001445-4A53-481B-88F0-7088EF96873F}"
EndProject
Project("{FAE04EC0-301F-11D3-BF4B-00C04F79EFBC}") = "Infrastructure", "SGMain\Infrastructure\Infrastructure.csproj", "{08FF94EF-CFBD-F1A4-71A9-C4A6F5D15242}"
EndProject
Project("{FAE04EC0-301F-11D3-BF4B-00C04F79EFBC}") = "SourgeGenesys.Shared", "SGMain\SourgeGenesys.Shared\SourgeGenesys.Shared.csproj", "{75473AF2-C642-F406-2331-CF4047008D7F}"
EndProject
Project("{FAE04EC0-301F-11D3-BF4B-00C04F79EFBC}") = "SourceGenesys.Domain", "SGMain\SourceGenesys.Domain\SourceGenesys.Domain.csproj", "{1802BF6A-A06A-D93B-D0D7-344A19CEACA3}"
EndProject
Project("{FAE04EC0-301F-11D3-BF4B-00C04F79EFBC}") = "SourceGenesys.Domain.Tests", "Tests\SourceGenesys.Domain.Tests\SourceGenesys.Domain.Tests.csproj", "{1DCE1DDE-1E90-31EA-D2F3-259EAA640176}"
EndProject
Project("{FAE04EC0-301F-11D3-BF4B-00C04F79EFBC}") = "Infrastructure.Tests", "Tests\Infrastructure.Tests\Infrastructure.Tests.csproj", "{DDBBAEE6-92D3-5AFA-E2B5-81105EB9A04C}"
EndProject
Project("{FAE04EC0-301F-11D3-BF4B-00C04F79EFBC}") = "MenphisSI.GerEntityTools.Tests", "..\..\GerEntity\src\Tests\MenphisSI.GerEntityTools.Tests\MenphisSI.GerEntityTools.Tests.csproj", "{76DC8C4D-F67A-3755-FC15-5EA1C46FF641}"
EndProject
Global
	GlobalSection(SolutionConfigurationPlatforms) = preSolution
		Debug|Any CPU = Debug|Any CPU
		Debug|x86 = Debug|x86
		Development|Any CPU = Development|Any CPU
		Development|x86 = Development|x86
		Release|Any CPU = Release|Any CPU
		Release|x86 = Release|x86
		TESTE_PROD|Any CPU = TESTE_PROD|Any CPU
		TESTE_PROD|x86 = TESTE_PROD|x86
	EndGlobalSection
	GlobalSection(ProjectConfigurationPlatforms) = postSolution
		{ED562DFE-B9EF-5F88-771F-EBF333E4D08F}.Debug|Any CPU.ActiveCfg = Debug|Any CPU
		{ED562DFE-B9EF-5F88-771F-EBF333E4D08F}.Debug|Any CPU.Build.0 = Debug|Any CPU
		{ED562DFE-B9EF-5F88-771F-EBF333E4D08F}.Debug|x86.ActiveCfg = Debug|x86
		{ED562DFE-B9EF-5F88-771F-EBF333E4D08F}.Debug|x86.Build.0 = Debug|x86
		{ED562DFE-B9EF-5F88-771F-EBF333E4D08F}.Development|Any CPU.ActiveCfg = Development|Any CPU
		{ED562DFE-B9EF-5F88-771F-EBF333E4D08F}.Development|Any CPU.Build.0 = Development|Any CPU
		{ED562DFE-B9EF-5F88-771F-EBF333E4D08F}.Development|x86.ActiveCfg = Development|x86
		{ED562DFE-B9EF-5F88-771F-EBF333E4D08F}.Development|x86.Build.0 = Development|x86
		{ED562DFE-B9EF-5F88-771F-EBF333E4D08F}.Release|Any CPU.ActiveCfg = Release|Any CPU
		{ED562DFE-B9EF-5F88-771F-EBF333E4D08F}.Release|Any CPU.Build.0 = Release|Any CPU
		{ED562DFE-B9EF-5F88-771F-EBF333E4D08F}.Release|x86.ActiveCfg = Release|x86
		{ED562DFE-B9EF-5F88-771F-EBF333E4D08F}.Release|x86.Build.0 = Release|x86
		{ED562DFE-B9EF-5F88-771F-EBF333E4D08F}.TESTE_PROD|Any CPU.ActiveCfg = TESTE_PROD|Any CPU
		{ED562DFE-B9EF-5F88-771F-EBF333E4D08F}.TESTE_PROD|Any CPU.Build.0 = TESTE_PROD|Any CPU
		{ED562DFE-B9EF-5F88-771F-EBF333E4D08F}.TESTE_PROD|x86.ActiveCfg = TESTE_PROD|x86
		{ED562DFE-B9EF-5F88-771F-EBF333E4D08F}.TESTE_PROD|x86.Build.0 = TESTE_PROD|x86
		{B5C8CBAE-DE02-7B4C-706D-5B7BB03EEA4F}.Debug|Any CPU.ActiveCfg = Debug|Any CPU
		{B5C8CBAE-DE02-7B4C-706D-5B7BB03EEA4F}.Debug|Any CPU.Build.0 = Debug|Any CPU
		{B5C8CBAE-DE02-7B4C-706D-5B7BB03EEA4F}.Debug|x86.ActiveCfg = Debug|x86
		{B5C8CBAE-DE02-7B4C-706D-5B7BB03EEA4F}.Debug|x86.Build.0 = Debug|x86
		{B5C8CBAE-DE02-7B4C-706D-5B7BB03EEA4F}.Development|Any CPU.ActiveCfg = Development|Any CPU
		{B5C8CBAE-DE02-7B4C-706D-5B7BB03EEA4F}.Development|Any CPU.Build.0 = Development|Any CPU
		{B5C8CBAE-DE02-7B4C-706D-5B7BB03EEA4F}.Development|x86.ActiveCfg = Development|x86
		{B5C8CBAE-DE02-7B4C-706D-5B7BB03EEA4F}.Development|x86.Build.0 = Development|x86
		{B5C8CBAE-DE02-7B4C-706D-5B7BB03EEA4F}.Release|Any CPU.ActiveCfg = Release|Any CPU
		{B5C8CBAE-DE02-7B4C-706D-5B7BB03EEA4F}.Release|Any CPU.Build.0 = Release|Any CPU
		{B5C8CBAE-DE02-7B4C-706D-5B7BB03EEA4F}.Release|x86.ActiveCfg = Release|x86
		{B5C8CBAE-DE02-7B4C-706D-5B7BB03EEA4F}.Release|x86.Build.0 = Release|x86
		{B5C8CBAE-DE02-7B4C-706D-5B7BB03EEA4F}.TESTE_PROD|Any CPU.ActiveCfg = TESTE_PROD|Any CPU
		{B5C8CBAE-DE02-7B4C-706D-5B7BB03EEA4F}.TESTE_PROD|Any CPU.Build.0 = TESTE_PROD|Any CPU
		{B5C8CBAE-DE02-7B4C-706D-5B7BB03EEA4F}.TESTE_PROD|x86.ActiveCfg = TESTE_PROD|x86
		{B5C8CBAE-DE02-7B4C-706D-5B7BB03EEA4F}.TESTE_PROD|x86.Build.0 = TESTE_PROD|x86
		{CDEDD416-7E0D-CC8C-94FC-DDF40FE85AD5}.Debug|Any CPU.ActiveCfg = Debug|Any CPU
		{CDEDD416-7E0D-CC8C-94FC-DDF40FE85AD5}.Debug|Any CPU.Build.0 = Debug|Any CPU
		{CDEDD416-7E0D-CC8C-94FC-DDF40FE85AD5}.Debug|x86.ActiveCfg = Debug|x86
		{CDEDD416-7E0D-CC8C-94FC-DDF40FE85AD5}.Debug|x86.Build.0 = Debug|x86
		{CDEDD416-7E0D-CC8C-94FC-DDF40FE85AD5}.Development|Any CPU.ActiveCfg = Development|Any CPU
		{CDEDD416-7E0D-CC8C-94FC-DDF40FE85AD5}.Development|Any CPU.Build.0 = Development|Any CPU
		{CDEDD416-7E0D-CC8C-94FC-DDF40FE85AD5}.Development|x86.ActiveCfg = Development|x86
		{CDEDD416-7E0D-CC8C-94FC-DDF40FE85AD5}.Development|x86.Build.0 = Development|x86
		{CDEDD416-7E0D-CC8C-94FC-DDF40FE85AD5}.Release|Any CPU.ActiveCfg = Release|Any CPU
		{CDEDD416-7E0D-CC8C-94FC-DDF40FE85AD5}.Release|Any CPU.Build.0 = Release|Any CPU
		{CDEDD416-7E0D-CC8C-94FC-DDF40FE85AD5}.Release|x86.ActiveCfg = Release|x86
		{CDEDD416-7E0D-CC8C-94FC-DDF40FE85AD5}.Release|x86.Build.0 = Release|x86
		{CDEDD416-7E0D-CC8C-94FC-DDF40FE85AD5}.TESTE_PROD|Any CPU.ActiveCfg = TESTE_PROD|Any CPU
		{CDEDD416-7E0D-CC8C-94FC-DDF40FE85AD5}.TESTE_PROD|Any CPU.Build.0 = TESTE_PROD|Any CPU
		{CDEDD416-7E0D-CC8C-94FC-DDF40FE85AD5}.TESTE_PROD|x86.ActiveCfg = TESTE_PROD|x86
		{CDEDD416-7E0D-CC8C-94FC-DDF40FE85AD5}.TESTE_PROD|x86.Build.0 = TESTE_PROD|x86
		{B4441BDE-5E84-5128-4F98-710DC31C0F2A}.Debug|Any CPU.ActiveCfg = Debug|Any CPU
		{B4441BDE-5E84-5128-4F98-710DC31C0F2A}.Debug|Any CPU.Build.0 = Debug|Any CPU
		{B4441BDE-5E84-5128-4F98-710DC31C0F2A}.Debug|x86.ActiveCfg = Debug|x86
		{B4441BDE-5E84-5128-4F98-710DC31C0F2A}.Debug|x86.Build.0 = Debug|x86
		{B4441BDE-5E84-5128-4F98-710DC31C0F2A}.Development|Any CPU.ActiveCfg = Release|Any CPU
		{B4441BDE-5E84-5128-4F98-710DC31C0F2A}.Development|Any CPU.Build.0 = Release|Any CPU
		{B4441BDE-5E84-5128-4F98-710DC31C0F2A}.Development|x86.ActiveCfg = Release|Any CPU
		{B4441BDE-5E84-5128-4F98-710DC31C0F2A}.Development|x86.Build.0 = Release|Any CPU
		{B4441BDE-5E84-5128-4F98-710DC31C0F2A}.Release|Any CPU.ActiveCfg = Release|Any CPU
		{B4441BDE-5E84-5128-4F98-710DC31C0F2A}.Release|Any CPU.Build.0 = Release|Any CPU
		{B4441BDE-5E84-5128-4F98-710DC31C0F2A}.Release|x86.ActiveCfg = Release|x86
		{B4441BDE-5E84-5128-4F98-710DC31C0F2A}.Release|x86.Build.0 = Release|x86
		{B4441BDE-5E84-5128-4F98-710DC31C0F2A}.TESTE_PROD|Any CPU.ActiveCfg = Debug|Any CPU
		{B4441BDE-5E84-5128-4F98-710DC31C0F2A}.TESTE_PROD|Any CPU.Build.0 = Debug|Any CPU
		{B4441BDE-5E84-5128-4F98-710DC31C0F2A}.TESTE_PROD|x86.ActiveCfg = Debug|Any CPU
		{B4441BDE-5E84-5128-4F98-710DC31C0F2A}.TESTE_PROD|x86.Build.0 = Debug|Any CPU
		{9023C2BC-7477-E627-79FC-76EE7396F02B}.Debug|Any CPU.ActiveCfg = Debug|Any CPU
		{9023C2BC-7477-E627-79FC-76EE7396F02B}.Debug|Any CPU.Build.0 = Debug|Any CPU
		{9023C2BC-7477-E627-79FC-76EE7396F02B}.Debug|x86.ActiveCfg = Debug|x86
		{9023C2BC-7477-E627-79FC-76EE7396F02B}.Debug|x86.Build.0 = Debug|x86
		{9023C2BC-7477-E627-79FC-76EE7396F02B}.Development|Any CPU.ActiveCfg = Release|Any CPU
		{9023C2BC-7477-E627-79FC-76EE7396F02B}.Development|Any CPU.Build.0 = Release|Any CPU
		{9023C2BC-7477-E627-79FC-76EE7396F02B}.Development|x86.ActiveCfg = Release|Any CPU
		{9023C2BC-7477-E627-79FC-76EE7396F02B}.Development|x86.Build.0 = Release|Any CPU
		{9023C2BC-7477-E627-79FC-76EE7396F02B}.Release|Any CPU.ActiveCfg = Release|Any CPU
		{9023C2BC-7477-E627-79FC-76EE7396F02B}.Release|Any CPU.Build.0 = Release|Any CPU
		{9023C2BC-7477-E627-79FC-76EE7396F02B}.Release|x86.ActiveCfg = Release|Any CPU
		{9023C2BC-7477-E627-79FC-76EE7396F02B}.Release|x86.Build.0 = Release|Any CPU
		{9023C2BC-7477-E627-79FC-76EE7396F02B}.TESTE_PROD|Any CPU.ActiveCfg = Debug|Any CPU
		{9023C2BC-7477-E627-79FC-76EE7396F02B}.TESTE_PROD|Any CPU.Build.0 = Debug|Any CPU
		{9023C2BC-7477-E627-79FC-76EE7396F02B}.TESTE_PROD|x86.ActiveCfg = Debug|Any CPU
		{9023C2BC-7477-E627-79FC-76EE7396F02B}.TESTE_PROD|x86.Build.0 = Debug|Any CPU
		{D19EC1F5-C078-7E5B-36AE-DFCE41FA074A}.Debug|Any CPU.ActiveCfg = Debug|Any CPU
		{D19EC1F5-C078-7E5B-36AE-DFCE41FA074A}.Debug|Any CPU.Build.0 = Debug|Any CPU
		{D19EC1F5-C078-7E5B-36AE-DFCE41FA074A}.Debug|x86.ActiveCfg = Debug|x86
		{D19EC1F5-C078-7E5B-36AE-DFCE41FA074A}.Debug|x86.Build.0 = Debug|x86
		{D19EC1F5-C078-7E5B-36AE-DFCE41FA074A}.Development|Any CPU.ActiveCfg = Release|Any CPU
		{D19EC1F5-C078-7E5B-36AE-DFCE41FA074A}.Development|Any CPU.Build.0 = Release|Any CPU
		{D19EC1F5-C078-7E5B-36AE-DFCE41FA074A}.Development|x86.ActiveCfg = Release|Any CPU
		{D19EC1F5-C078-7E5B-36AE-DFCE41FA074A}.Development|x86.Build.0 = Release|Any CPU
		{D19EC1F5-C078-7E5B-36AE-DFCE41FA074A}.Release|Any CPU.ActiveCfg = Release|Any CPU
		{D19EC1F5-C078-7E5B-36AE-DFCE41FA074A}.Release|Any CPU.Build.0 = Release|Any CPU
		{D19EC1F5-C078-7E5B-36AE-DFCE41FA074A}.Release|x86.ActiveCfg = Release|Any CPU
		{D19EC1F5-C078-7E5B-36AE-DFCE41FA074A}.Release|x86.Build.0 = Release|Any CPU
		{D19EC1F5-C078-7E5B-36AE-DFCE41FA074A}.TESTE_PROD|Any CPU.ActiveCfg = Debug|Any CPU
		{D19EC1F5-C078-7E5B-36AE-DFCE41FA074A}.TESTE_PROD|Any CPU.Build.0 = Debug|Any CPU
		{D19EC1F5-C078-7E5B-36AE-DFCE41FA074A}.TESTE_PROD|x86.ActiveCfg = Debug|Any CPU
		{D19EC1F5-C078-7E5B-36AE-DFCE41FA074A}.TESTE_PROD|x86.Build.0 = Debug|Any CPU
		{13E57360-2304-691A-4437-13B4D8DC4E19}.Debug|Any CPU.ActiveCfg = Debug|Any CPU
		{13E57360-2304-691A-4437-13B4D8DC4E19}.Debug|Any CPU.Build.0 = Debug|Any CPU
		{13E57360-2304-691A-4437-13B4D8DC4E19}.Debug|x86.ActiveCfg = Debug|x86
		{13E57360-2304-691A-4437-13B4D8DC4E19}.Debug|x86.Build.0 = Debug|x86
		{13E57360-2304-691A-4437-13B4D8DC4E19}.Development|Any CPU.ActiveCfg = Release|Any CPU
		{13E57360-2304-691A-4437-13B4D8DC4E19}.Development|Any CPU.Build.0 = Release|Any CPU
		{13E57360-2304-691A-4437-13B4D8DC4E19}.Development|x86.ActiveCfg = Release|Any CPU
		{13E57360-2304-691A-4437-13B4D8DC4E19}.Development|x86.Build.0 = Release|Any CPU
		{13E57360-2304-691A-4437-13B4D8DC4E19}.Release|Any CPU.ActiveCfg = Release|Any CPU
		{13E57360-2304-691A-4437-13B4D8DC4E19}.Release|Any CPU.Build.0 = Release|Any CPU
		{13E57360-2304-691A-4437-13B4D8DC4E19}.Release|x86.ActiveCfg = Release|Any CPU
		{13E57360-2304-691A-4437-13B4D8DC4E19}.Release|x86.Build.0 = Release|Any CPU
		{13E57360-2304-691A-4437-13B4D8DC4E19}.TESTE_PROD|Any CPU.ActiveCfg = Debug|Any CPU
		{13E57360-2304-691A-4437-13B4D8DC4E19}.TESTE_PROD|Any CPU.Build.0 = Debug|Any CPU
		{13E57360-2304-691A-4437-13B4D8DC4E19}.TESTE_PROD|x86.ActiveCfg = Debug|Any CPU
		{13E57360-2304-691A-4437-13B4D8DC4E19}.TESTE_PROD|x86.Build.0 = Debug|Any CPU
		{08FF94EF-CFBD-F1A4-71A9-C4A6F5D15242}.Debug|Any CPU.ActiveCfg = Debug|Any CPU
		{08FF94EF-CFBD-F1A4-71A9-C4A6F5D15242}.Debug|Any CPU.Build.0 = Debug|Any CPU
		{08FF94EF-CFBD-F1A4-71A9-C4A6F5D15242}.Debug|x86.ActiveCfg = Debug|x86
		{08FF94EF-CFBD-F1A4-71A9-C4A6F5D15242}.Debug|x86.Build.0 = Debug|x86
		{08FF94EF-CFBD-F1A4-71A9-C4A6F5D15242}.Development|Any CPU.ActiveCfg = Release|Any CPU
		{08FF94EF-CFBD-F1A4-71A9-C4A6F5D15242}.Development|Any CPU.Build.0 = Release|Any CPU
		{08FF94EF-CFBD-F1A4-71A9-C4A6F5D15242}.Development|x86.ActiveCfg = Release|x86
		{08FF94EF-CFBD-F1A4-71A9-C4A6F5D15242}.Development|x86.Build.0 = Release|x86
		{08FF94EF-CFBD-F1A4-71A9-C4A6F5D15242}.Release|Any CPU.ActiveCfg = Release|Any CPU
		{08FF94EF-CFBD-F1A4-71A9-C4A6F5D15242}.Release|Any CPU.Build.0 = Release|Any CPU
		{08FF94EF-CFBD-F1A4-71A9-C4A6F5D15242}.Release|x86.ActiveCfg = Release|x86
		{08FF94EF-CFBD-F1A4-71A9-C4A6F5D15242}.Release|x86.Build.0 = Release|x86
		{08FF94EF-CFBD-F1A4-71A9-C4A6F5D15242}.TESTE_PROD|Any CPU.ActiveCfg = Debug|Any CPU
		{08FF94EF-CFBD-F1A4-71A9-C4A6F5D15242}.TESTE_PROD|Any CPU.Build.0 = Debug|Any CPU
		{08FF94EF-CFBD-F1A4-71A9-C4A6F5D15242}.TESTE_PROD|x86.ActiveCfg = Debug|x86
		{08FF94EF-CFBD-F1A4-71A9-C4A6F5D15242}.TESTE_PROD|x86.Build.0 = Debug|x86
		{75473AF2-C642-F406-2331-CF4047008D7F}.Debug|Any CPU.ActiveCfg = Debug|Any CPU
		{75473AF2-C642-F406-2331-CF4047008D7F}.Debug|Any CPU.Build.0 = Debug|Any CPU
		{75473AF2-C642-F406-2331-CF4047008D7F}.Debug|x86.ActiveCfg = Debug|x86
		{75473AF2-C642-F406-2331-CF4047008D7F}.Debug|x86.Build.0 = Debug|x86
		{75473AF2-C642-F406-2331-CF4047008D7F}.Development|Any CPU.ActiveCfg = Release|Any CPU
		{75473AF2-C642-F406-2331-CF4047008D7F}.Development|Any CPU.Build.0 = Release|Any CPU
		{75473AF2-C642-F406-2331-CF4047008D7F}.Development|x86.ActiveCfg = Release|x86
		{75473AF2-C642-F406-2331-CF4047008D7F}.Development|x86.Build.0 = Release|x86
		{75473AF2-C642-F406-2331-CF4047008D7F}.Release|Any CPU.ActiveCfg = Release|Any CPU
		{75473AF2-C642-F406-2331-CF4047008D7F}.Release|Any CPU.Build.0 = Release|Any CPU
		{75473AF2-C642-F406-2331-CF4047008D7F}.Release|x86.ActiveCfg = Release|x86
		{75473AF2-C642-F406-2331-CF4047008D7F}.Release|x86.Build.0 = Release|x86
		{75473AF2-C642-F406-2331-CF4047008D7F}.TESTE_PROD|Any CPU.ActiveCfg = Debug|Any CPU
		{75473AF2-C642-F406-2331-CF4047008D7F}.TESTE_PROD|Any CPU.Build.0 = Debug|Any CPU
		{75473AF2-C642-F406-2331-CF4047008D7F}.TESTE_PROD|x86.ActiveCfg = Debug|x86
		{75473AF2-C642-F406-2331-CF4047008D7F}.TESTE_PROD|x86.Build.0 = Debug|x86
		{1802BF6A-A06A-D93B-D0D7-344A19CEACA3}.Debug|Any CPU.ActiveCfg = Debug|Any CPU
		{1802BF6A-A06A-D93B-D0D7-344A19CEACA3}.Debug|Any CPU.Build.0 = Debug|Any CPU
		{1802BF6A-A06A-D93B-D0D7-344A19CEACA3}.Debug|x86.ActiveCfg = Debug|x86
		{1802BF6A-A06A-D93B-D0D7-344A19CEACA3}.Debug|x86.Build.0 = Debug|x86
		{1802BF6A-A06A-D93B-D0D7-344A19CEACA3}.Development|Any CPU.ActiveCfg = Development|Any CPU
		{1802BF6A-A06A-D93B-D0D7-344A19CEACA3}.Development|Any CPU.Build.0 = Development|Any CPU
		{1802BF6A-A06A-D93B-D0D7-344A19CEACA3}.Development|x86.ActiveCfg = Development|x86
		{1802BF6A-A06A-D93B-D0D7-344A19CEACA3}.Development|x86.Build.0 = Development|x86
		{1802BF6A-A06A-D93B-D0D7-344A19CEACA3}.Release|Any CPU.ActiveCfg = Release|Any CPU
		{1802BF6A-A06A-D93B-D0D7-344A19CEACA3}.Release|Any CPU.Build.0 = Release|Any CPU
		{1802BF6A-A06A-D93B-D0D7-344A19CEACA3}.Release|x86.ActiveCfg = Release|x86
		{1802BF6A-A06A-D93B-D0D7-344A19CEACA3}.Release|x86.Build.0 = Release|x86
		{1802BF6A-A06A-D93B-D0D7-344A19CEACA3}.TESTE_PROD|Any CPU.ActiveCfg = TESTE_PROD|Any CPU
		{1802BF6A-A06A-D93B-D0D7-344A19CEACA3}.TESTE_PROD|Any CPU.Build.0 = TESTE_PROD|Any CPU
		{1802BF6A-A06A-D93B-D0D7-344A19CEACA3}.TESTE_PROD|x86.ActiveCfg = TESTE_PROD|x86
		{1802BF6A-A06A-D93B-D0D7-344A19CEACA3}.TESTE_PROD|x86.Build.0 = TESTE_PROD|x86
		{1DCE1DDE-1E90-31EA-D2F3-259EAA640176}.Debug|Any CPU.ActiveCfg = Debug|Any CPU
		{1DCE1DDE-1E90-31EA-D2F3-259EAA640176}.Debug|Any CPU.Build.0 = Debug|Any CPU
		{1DCE1DDE-1E90-31EA-D2F3-259EAA640176}.Debug|x86.ActiveCfg = Debug|x86
		{1DCE1DDE-1E90-31EA-D2F3-259EAA640176}.Debug|x86.Build.0 = Debug|x86
		{1DCE1DDE-1E90-31EA-D2F3-259EAA640176}.Development|Any CPU.ActiveCfg = Release|Any CPU
		{1DCE1DDE-1E90-31EA-D2F3-259EAA640176}.Development|Any CPU.Build.0 = Release|Any CPU
		{1DCE1DDE-1E90-31EA-D2F3-259EAA640176}.Development|x86.ActiveCfg = Release|x86
		{1DCE1DDE-1E90-31EA-D2F3-259EAA640176}.Development|x86.Build.0 = Release|x86
		{1DCE1DDE-1E90-31EA-D2F3-259EAA640176}.Release|Any CPU.ActiveCfg = Release|Any CPU
		{1DCE1DDE-1E90-31EA-D2F3-259EAA640176}.Release|Any CPU.Build.0 = Release|Any CPU
		{1DCE1DDE-1E90-31EA-D2F3-259EAA640176}.Release|x86.ActiveCfg = Release|x86
		{1DCE1DDE-1E90-31EA-D2F3-259EAA640176}.Release|x86.Build.0 = Release|x86
		{1DCE1DDE-1E90-31EA-D2F3-259EAA640176}.TESTE_PROD|Any CPU.ActiveCfg = Debug|Any CPU
		{1DCE1DDE-1E90-31EA-D2F3-259EAA640176}.TESTE_PROD|Any CPU.Build.0 = Debug|Any CPU
		{1DCE1DDE-1E90-31EA-D2F3-259EAA640176}.TESTE_PROD|x86.ActiveCfg = Debug|x86
		{1DCE1DDE-1E90-31EA-D2F3-259EAA640176}.TESTE_PROD|x86.Build.0 = Debug|x86
		{DDBBAEE6-92D3-5AFA-E2B5-81105EB9A04C}.Debug|Any CPU.ActiveCfg = Debug|Any CPU
		{DDBBAEE6-92D3-5AFA-E2B5-81105EB9A04C}.Debug|Any CPU.Build.0 = Debug|Any CPU
		{DDBBAEE6-92D3-5AFA-E2B5-81105EB9A04C}.Debug|x86.ActiveCfg = Debug|x86
		{DDBBAEE6-92D3-5AFA-E2B5-81105EB9A04C}.Debug|x86.Build.0 = Debug|x86
		{DDBBAEE6-92D3-5AFA-E2B5-81105EB9A04C}.Development|Any CPU.ActiveCfg = Release|Any CPU
		{DDBBAEE6-92D3-5AFA-E2B5-81105EB9A04C}.Development|Any CPU.Build.0 = Release|Any CPU
		{DDBBAEE6-92D3-5AFA-E2B5-81105EB9A04C}.Development|x86.ActiveCfg = Release|x86
		{DDBBAEE6-92D3-5AFA-E2B5-81105EB9A04C}.Development|x86.Build.0 = Release|x86
		{DDBBAEE6-92D3-5AFA-E2B5-81105EB9A04C}.Release|Any CPU.ActiveCfg = Release|Any CPU
		{DDBBAEE6-92D3-5AFA-E2B5-81105EB9A04C}.Release|Any CPU.Build.0 = Release|Any CPU
		{DDBBAEE6-92D3-5AFA-E2B5-81105EB9A04C}.Release|x86.ActiveCfg = Release|x86
		{DDBBAEE6-92D3-5AFA-E2B5-81105EB9A04C}.Release|x86.Build.0 = Release|x86
		{DDBBAEE6-92D3-5AFA-E2B5-81105EB9A04C}.TESTE_PROD|Any CPU.ActiveCfg = Debug|Any CPU
		{DDBBAEE6-92D3-5AFA-E2B5-81105EB9A04C}.TESTE_PROD|Any CPU.Build.0 = Debug|Any CPU
		{DDBBAEE6-92D3-5AFA-E2B5-81105EB9A04C}.TESTE_PROD|x86.ActiveCfg = Debug|x86
		{DDBBAEE6-92D3-5AFA-E2B5-81105EB9A04C}.TESTE_PROD|x86.Build.0 = Debug|x86
		{76DC8C4D-F67A-3755-FC15-5EA1C46FF641}.Debug|Any CPU.ActiveCfg = Debug|Any CPU
		{76DC8C4D-F67A-3755-FC15-5EA1C46FF641}.Debug|Any CPU.Build.0 = Debug|Any CPU
		{76DC8C4D-F67A-3755-FC15-5EA1C46FF641}.Debug|x86.ActiveCfg = Debug|x86
		{76DC8C4D-F67A-3755-FC15-5EA1C46FF641}.Debug|x86.Build.0 = Debug|x86
		{76DC8C4D-F67A-3755-FC15-5EA1C46FF641}.Development|Any CPU.ActiveCfg = Release|Any CPU
		{76DC8C4D-F67A-3755-FC15-5EA1C46FF641}.Development|Any CPU.Build.0 = Release|Any CPU
		{76DC8C4D-F67A-3755-FC15-5EA1C46FF641}.Development|x86.ActiveCfg = Release|x86
		{76DC8C4D-F67A-3755-FC15-5EA1C46FF641}.Development|x86.Build.0 = Release|x86
		{76DC8C4D-F67A-3755-FC15-5EA1C46FF641}.Release|Any CPU.ActiveCfg = Release|Any CPU
		{76DC8C4D-F67A-3755-FC15-5EA1C46FF641}.Release|Any CPU.Build.0 = Release|Any CPU
		{76DC8C4D-F67A-3755-FC15-5EA1C46FF641}.Release|x86.ActiveCfg = Release|x86
		{76DC8C4D-F67A-3755-FC15-5EA1C46FF641}.Release|x86.Build.0 = Release|x86
		{76DC8C4D-F67A-3755-FC15-5EA1C46FF641}.TESTE_PROD|Any CPU.ActiveCfg = Debug|Any CPU
		{76DC8C4D-F67A-3755-FC15-5EA1C46FF641}.TESTE_PROD|Any CPU.Build.0 = Debug|Any CPU
		{76DC8C4D-F67A-3755-FC15-5EA1C46FF641}.TESTE_PROD|x86.ActiveCfg = Debug|x86
		{76DC8C4D-F67A-3755-FC15-5EA1C46FF641}.TESTE_PROD|x86.Build.0 = Debug|x86
	EndGlobalSection
	GlobalSection(SolutionProperties) = preSolution
		HideSolutionNode = FALSE
	EndGlobalSection
	GlobalSection(NestedProjects) = preSolution
		{CDEDD416-7E0D-CC8C-94FC-DDF40FE85AD5} = {13001445-4A53-481B-88F0-7088EF96873F}
		{B4441BDE-5E84-5128-4F98-710DC31C0F2A} = {13001445-4A53-481B-88F0-7088EF96873F}
		{9023C2BC-7477-E627-79FC-76EE7396F02B} = {02EA681E-C7D8-13C7-8484-4AC65E1B71E8}
		{D19EC1F5-C078-7E5B-36AE-DFCE41FA074A} = {02EA681E-C7D8-13C7-8484-4AC65E1B71E8}
		{13E57360-2304-691A-4437-13B4D8DC4E19} = {02EA681E-C7D8-13C7-8484-4AC65E1B71E8}
		{08FF94EF-CFBD-F1A4-71A9-C4A6F5D15242} = {2B9B462E-B2B8-4278-999B-0F8638E3D595}
		{75473AF2-C642-F406-2331-CF4047008D7F} = {2B9B462E-B2B8-4278-999B-0F8638E3D595}
		{1802BF6A-A06A-D93B-D0D7-344A19CEACA3} = {2B9B462E-B2B8-4278-999B-0F8638E3D595}
		{1DCE1DDE-1E90-31EA-D2F3-259EAA640176} = {02EA681E-C7D8-13C7-8484-4AC65E1B71E8}
		{DDBBAEE6-92D3-5AFA-E2B5-81105EB9A04C} = {02EA681E-C7D8-13C7-8484-4AC65E1B71E8}
		{76DC8C4D-F67A-3755-FC15-5EA1C46FF641} = {02EA681E-C7D8-13C7-8484-4AC65E1B71E8}
	EndGlobalSection
	GlobalSection(ExtensibilityGlobals) = postSolution
		SolutionGuid = {0F024EFC-BCD5-49AC-8BB6-456C05F13B27}
	EndGlobalSection
EndGlobal
